
Microsoft Visual Studio Solution File, Format Version 12.00
# Visual Studio Version 17
VisualStudioVersion = 17.8.34316.72
MinimumVisualStudioVersion = 10.0.40219.1
Project("{9A19103F-16F7-4668-BE54-9A1E7A4F7556}") = "API Custom", "API Custom\API Custom.csproj", "{CF1A2AEA-9001-4BBB-B187-997946BA223D}"
EndProject
Global
	GlobalSection(SolutionConfigurationPlatforms) = preSolution
		Debug|Any CPU = Debug|Any CPU
		Release|Any CPU = Release|Any CPU
	EndGlobalSection
	GlobalSection(ProjectConfigurationPlatforms) = postSolution
		{CF1A2AEA-9001-4BBB-B187-997946BA223D}.Debug|Any CPU.ActiveCfg = Debug|Any CPU
		{CF1A2AEA-9001-4BBB-B187-997946BA223D}.Debug|Any CPU.Build.0 = Debug|Any CPU
		{CF1A2AEA-9001-4BBB-B187-997946BA223D}.Release|Any CPU.ActiveCfg = Release|Any CPU
		{CF1A2AEA-9001-4BBB-B187-997946BA223D}.Release|Any CPU.Build.0 = Release|Any CPU
	EndGlobalSection
	GlobalSection(SolutionProperties) = preSolution
		HideSolutionNode = FALSE
	EndGlobalSection
	GlobalSection(ExtensibilityGlobals) = postSolution
		SolutionGuid = {471C8187-5264-48E4-A88C-E89D065B912F}
	EndGlobalSection
EndGlobal
